
Microsoft Visual Studio Solution File, Format Version 12.00
# Visual Studio Version 17
VisualStudioVersion = 17.0.31903.59
MinimumVisualStudioVersion = 10.0.40219.1
Project("{8BC9CEB8-8B4A-11D0-8D11-00A0C91BC942}") = "task_4", "task_4\task_4.vcxproj", "{54924696-F990-4558-9075-1CB87A90F80F}"
EndProject
Global
	GlobalSection(SolutionConfigurationPlatforms) = preSolution
		Debug|x64 = Debug|x64
		Debug|x86 = Debug|x86
		Release|x64 = Release|x64
		Release|x86 = Release|x86
	EndGlobalSection
	GlobalSection(ProjectConfigurationPlatforms) = postSolution
		{54924696-F990-4558-9075-1CB87A90F80F}.Debug|x64.ActiveCfg = Debug|x64
		{54924696-F990-4558-9075-1CB87A90F80F}.Debug|x64.Build.0 = Debug|x64
		{54924696-F990-4558-9075-1CB87A90F80F}.Debug|x86.ActiveCfg = Debug|Win32
		{54924696-F990-4558-9075-1CB87A90F80F}.Debug|x86.Build.0 = Debug|Win32
		{54924696-F990-4558-9075-1CB87A90F80F}.Release|x64.ActiveCfg = Release|x64
		{54924696-F990-4558-9075-1CB87A90F80F}.Release|x64.Build.0 = Release|x64
		{54924696-F990-4558-9075-1CB87A90F80F}.Release|x86.ActiveCfg = Release|Win32
		{54924696-F990-4558-9075-1CB87A90F80F}.Release|x86.Build.0 = Release|Win32
	EndGlobalSection
	GlobalSection(SolutionProperties) = preSolution
		HideSolutionNode = FALSE
	EndGlobalSection
	GlobalSection(ExtensibilityGlobals) = postSolution
		SolutionGuid = {578AD4F6-9027-4907-BFE7-6B293D363071}
	EndGlobalSection
EndGlobal
