
Microsoft Visual Studio Solution File, Format Version 12.00
# Visual Studio Version 17
VisualStudioVersion = 17.0.31903.59
MinimumVisualStudioVersion = 10.0.40219.1
Project("{8BC9CEB8-8B4A-11D0-8D11-00A0C91BC942}") = "Task_1", "Step_4b\Step_4b.vcxproj", "{1855D37D-3527-461C-B3C1-C77CE97AD24E}"
EndProject
Project("{8BC9CEB8-8B4A-11D0-8D11-00A0C91BC942}") = "Task_2", "Task_2\Task_2.vcxproj", "{B6C91577-501E-4096-9B3F-DB15E558096A}"
EndProject
Project("{8BC9CEB8-8B4A-11D0-8D11-00A0C91BC942}") = "Task_3", "Task_3\Task_3.vcxproj", "{8BBA49DA-839C-4885-B59E-F3C9DE12921F}"
EndProject
Project("{8BC9CEB8-8B4A-11D0-8D11-00A0C91BC942}") = "Task_4", "Task_4\Task_4.vcxproj", "{642B1703-CB08-427C-9AC2-4519ACADA5D9}"
EndProject
Global
	GlobalSection(SolutionConfigurationPlatforms) = preSolution
		Debug|x64 = Debug|x64
		Debug|x86 = Debug|x86
		Release|x64 = Release|x64
		Release|x86 = Release|x86
	EndGlobalSection
	GlobalSection(ProjectConfigurationPlatforms) = postSolution
		{1855D37D-3527-461C-B3C1-C77CE97AD24E}.Debug|x64.ActiveCfg = Debug|x64
		{1855D37D-3527-461C-B3C1-C77CE97AD24E}.Debug|x64.Build.0 = Debug|x64
		{1855D37D-3527-461C-B3C1-C77CE97AD24E}.Debug|x86.ActiveCfg = Debug|Win32
		{1855D37D-3527-461C-B3C1-C77CE97AD24E}.Debug|x86.Build.0 = Debug|Win32
		{1855D37D-3527-461C-B3C1-C77CE97AD24E}.Release|x64.ActiveCfg = Release|x64
		{1855D37D-3527-461C-B3C1-C77CE97AD24E}.Release|x64.Build.0 = Release|x64
		{1855D37D-3527-461C-B3C1-C77CE97AD24E}.Release|x86.ActiveCfg = Release|Win32
		{1855D37D-3527-461C-B3C1-C77CE97AD24E}.Release|x86.Build.0 = Release|Win32
		{B6C91577-501E-4096-9B3F-DB15E558096A}.Debug|x64.ActiveCfg = Debug|x64
		{B6C91577-501E-4096-9B3F-DB15E558096A}.Debug|x64.Build.0 = Debug|x64
		{B6C91577-501E-4096-9B3F-DB15E558096A}.Debug|x86.ActiveCfg = Debug|Win32
		{B6C91577-501E-4096-9B3F-DB15E558096A}.Debug|x86.Build.0 = Debug|Win32
		{B6C91577-501E-4096-9B3F-DB15E558096A}.Release|x64.ActiveCfg = Release|x64
		{B6C91577-501E-4096-9B3F-DB15E558096A}.Release|x64.Build.0 = Release|x64
		{B6C91577-501E-4096-9B3F-DB15E558096A}.Release|x86.ActiveCfg = Release|Win32
		{B6C91577-501E-4096-9B3F-DB15E558096A}.Release|x86.Build.0 = Release|Win32
		{8BBA49DA-839C-4885-B59E-F3C9DE12921F}.Debug|x64.ActiveCfg = Debug|x64
		{8BBA49DA-839C-4885-B59E-F3C9DE12921F}.Debug|x64.Build.0 = Debug|x64
		{8BBA49DA-839C-4885-B59E-F3C9DE12921F}.Debug|x86.ActiveCfg = Debug|Win32
		{8BBA49DA-839C-4885-B59E-F3C9DE12921F}.Debug|x86.Build.0 = Debug|Win32
		{8BBA49DA-839C-4885-B59E-F3C9DE12921F}.Release|x64.ActiveCfg = Release|x64
		{8BBA49DA-839C-4885-B59E-F3C9DE12921F}.Release|x64.Build.0 = Release|x64
		{8BBA49DA-839C-4885-B59E-F3C9DE12921F}.Release|x86.ActiveCfg = Release|Win32
		{8BBA49DA-839C-4885-B59E-F3C9DE12921F}.Release|x86.Build.0 = Release|Win32
		{642B1703-CB08-427C-9AC2-4519ACADA5D9}.Debug|x64.ActiveCfg = Debug|x64
		{642B1703-CB08-427C-9AC2-4519ACADA5D9}.Debug|x64.Build.0 = Debug|x64
		{642B1703-CB08-427C-9AC2-4519ACADA5D9}.Debug|x86.ActiveCfg = Debug|Win32
		{642B1703-CB08-427C-9AC2-4519ACADA5D9}.Debug|x86.Build.0 = Debug|Win32
		{642B1703-CB08-427C-9AC2-4519ACADA5D9}.Release|x64.ActiveCfg = Release|x64
		{642B1703-CB08-427C-9AC2-4519ACADA5D9}.Release|x64.Build.0 = Release|x64
		{642B1703-CB08-427C-9AC2-4519ACADA5D9}.Release|x86.ActiveCfg = Release|Win32
		{642B1703-CB08-427C-9AC2-4519ACADA5D9}.Release|x86.Build.0 = Release|Win32
	EndGlobalSection
	GlobalSection(SolutionProperties) = preSolution
		HideSolutionNode = FALSE
	EndGlobalSection
	GlobalSection(ExtensibilityGlobals) = postSolution
		SolutionGuid = {5D420197-8CA3-4164-B601-E19EF7381028}
	EndGlobalSection
EndGlobal
