
Microsoft Visual Studio Solution File, Format Version 12.00
# Visual Studio Version 17
VisualStudioVersion = 17.0.31903.59
MinimumVisualStudioVersion = 10.0.40219.1
Project("{8BC9CEB8-8B4A-11D0-8D11-00A0C91BC942}") = "task_3", "task_3\task_3.vcxproj", "{5E4EB65D-D70B-47A2-B7BE-2607B560FBD6}"
EndProject
Global
	GlobalSection(SolutionConfigurationPlatforms) = preSolution
		Debug|x64 = Debug|x64
		Debug|x86 = Debug|x86
		Release|x64 = Release|x64
		Release|x86 = Release|x86
	EndGlobalSection
	GlobalSection(ProjectConfigurationPlatforms) = postSolution
		{5E4EB65D-D70B-47A2-B7BE-2607B560FBD6}.Debug|x64.ActiveCfg = Debug|x64
		{5E4EB65D-D70B-47A2-B7BE-2607B560FBD6}.Debug|x64.Build.0 = Debug|x64
		{5E4EB65D-D70B-47A2-B7BE-2607B560FBD6}.Debug|x86.ActiveCfg = Debug|Win32
		{5E4EB65D-D70B-47A2-B7BE-2607B560FBD6}.Debug|x86.Build.0 = Debug|Win32
		{5E4EB65D-D70B-47A2-B7BE-2607B560FBD6}.Release|x64.ActiveCfg = Release|x64
		{5E4EB65D-D70B-47A2-B7BE-2607B560FBD6}.Release|x64.Build.0 = Release|x64
		{5E4EB65D-D70B-47A2-B7BE-2607B560FBD6}.Release|x86.ActiveCfg = Release|Win32
		{5E4EB65D-D70B-47A2-B7BE-2607B560FBD6}.Release|x86.Build.0 = Release|Win32
	EndGlobalSection
	GlobalSection(SolutionProperties) = preSolution
		HideSolutionNode = FALSE
	EndGlobalSection
	GlobalSection(ExtensibilityGlobals) = postSolution
		SolutionGuid = {60F684FF-1E0C-434C-8A9B-5E205838589F}
	EndGlobalSection
EndGlobal
