
Microsoft Visual Studio Solution File, Format Version 12.00
# Visual Studio Version 17
VisualStudioVersion = 17.0.31903.59
MinimumVisualStudioVersion = 10.0.40219.1
Project("{8BC9CEB8-8B4A-11D0-8D11-00A0C91BC942}") = "Task_8", "Task_8\Task_8.vcxproj", "{D7EFAD7D-A962-440A-8AB2-725ED135B080}"
EndProject
Global
	GlobalSection(SolutionConfigurationPlatforms) = preSolution
		Debug|x64 = Debug|x64
		Debug|x86 = Debug|x86
		Release|x64 = Release|x64
		Release|x86 = Release|x86
	EndGlobalSection
	GlobalSection(ProjectConfigurationPlatforms) = postSolution
		{D7EFAD7D-A962-440A-8AB2-725ED135B080}.Debug|x64.ActiveCfg = Debug|x64
		{D7EFAD7D-A962-440A-8AB2-725ED135B080}.Debug|x64.Build.0 = Debug|x64
		{D7EFAD7D-A962-440A-8AB2-725ED135B080}.Debug|x86.ActiveCfg = Debug|Win32
		{D7EFAD7D-A962-440A-8AB2-725ED135B080}.Debug|x86.Build.0 = Debug|Win32
		{D7EFAD7D-A962-440A-8AB2-725ED135B080}.Release|x64.ActiveCfg = Release|x64
		{D7EFAD7D-A962-440A-8AB2-725ED135B080}.Release|x64.Build.0 = Release|x64
		{D7EFAD7D-A962-440A-8AB2-725ED135B080}.Release|x86.ActiveCfg = Release|Win32
		{D7EFAD7D-A962-440A-8AB2-725ED135B080}.Release|x86.Build.0 = Release|Win32
	EndGlobalSection
	GlobalSection(SolutionProperties) = preSolution
		HideSolutionNode = FALSE
	EndGlobalSection
	GlobalSection(ExtensibilityGlobals) = postSolution
		SolutionGuid = {3E38BD33-7468-48BE-89AC-FC8D499BDC1E}
	EndGlobalSection
EndGlobal
